
Microsoft Visual Studio Solution File, Format Version 12.00
# Visual Studio Version 17
VisualStudioVersion = 17.14.36119.2 d17.14
MinimumVisualStudioVersion = 10.0.40219.1
Project("{FAE04EC0-301F-11D3-BF4B-00C04F79EFBC}") = "VideoRentalSystemTwo", "VideoRentalSystemTwo\VideoRentalSystemTwo.csproj", "{67AA3707-B58C-4E1D-9AF2-4CD29B447478}"
EndProject
Global
	GlobalSection(SolutionConfigurationPlatforms) = preSolution
		Debug|Any CPU = Debug|Any CPU
		Release|Any CPU = Release|Any CPU
	EndGlobalSection
	GlobalSection(ProjectConfigurationPlatforms) = postSolution
		{67AA3707-B58C-4E1D-9AF2-4CD29B447478}.Debug|Any CPU.ActiveCfg = Debug|Any CPU
		{67AA3707-B58C-4E1D-9AF2-4CD29B447478}.Debug|Any CPU.Build.0 = Debug|Any CPU
		{67AA3707-B58C-4E1D-9AF2-4CD29B447478}.Release|Any CPU.ActiveCfg = Release|Any CPU
		{67AA3707-B58C-4E1D-9AF2-4CD29B447478}.Release|Any CPU.Build.0 = Release|Any CPU
	EndGlobalSection
	GlobalSection(SolutionProperties) = preSolution
		HideSolutionNode = FALSE
	EndGlobalSection
	GlobalSection(ExtensibilityGlobals) = postSolution
		SolutionGuid = {DB08A6D7-B608-4B1E-8FC5-DEB50C36C370}
	EndGlobalSection
EndGlobal
